
Microsoft Visual Studio Solution File, Format Version 12.00
# Visual Studio Version 16
VisualStudioVersion = 16.0.30011.22
MinimumVisualStudioVersion = 10.0.40219.1
Project("{9A19103F-16F7-4668-BE54-9A1E7A4F7556}") = "ScratchBot", "ScratchBot.csproj", "{EBA114FF-EAB4-4324-96E1-0A1DE9354D38}"
EndProject
Global
	GlobalSection(SolutionConfigurationPlatforms) = preSolution
		Debug|Any CPU = Debug|Any CPU
		Release|Any CPU = Release|Any CPU
	EndGlobalSection
	GlobalSection(ProjectConfigurationPlatforms) = postSolution
		{EBA114FF-EAB4-4324-96E1-0A1DE9354D38}.Debug|Any CPU.ActiveCfg = Debug|Any CPU
		{EBA114FF-EAB4-4324-96E1-0A1DE9354D38}.Debug|Any CPU.Build.0 = Debug|Any CPU
		{EBA114FF-EAB4-4324-96E1-0A1DE9354D38}.Release|Any CPU.ActiveCfg = Release|Any CPU
		{EBA114FF-EAB4-4324-96E1-0A1DE9354D38}.Release|Any CPU.Build.0 = Release|Any CPU
		{4AD35A0D-32B7-40DC-AF5A-6AD62C64E77F}.Debug|Any CPU.ActiveCfg = Debug|Any CPU
		{4AD35A0D-32B7-40DC-AF5A-6AD62C64E77F}.Debug|Any CPU.Build.0 = Debug|Any CPU
		{4AD35A0D-32B7-40DC-AF5A-6AD62C64E77F}.Release|Any CPU.ActiveCfg = Release|Any CPU
		{4AD35A0D-32B7-40DC-AF5A-6AD62C64E77F}.Release|Any CPU.Build.0 = Release|Any CPU
	EndGlobalSection
	GlobalSection(SolutionProperties) = preSolution
		HideSolutionNode = FALSE
	EndGlobalSection
	GlobalSection(ExtensibilityGlobals) = postSolution
		SolutionGuid = {4F948314-DF90-409B-AD23-266137840921}
	EndGlobalSection
EndGlobal
